
Microsoft Visual Studio Solution File, Format Version 12.00
# Visual Studio Version 17
VisualStudioVersion = 17.5.002.0
MinimumVisualStudioVersion = 10.0.40219.1
Project("{FAE04EC0-301F-11D3-BF4B-00C04F79EFBC}") = "LibraryApp.Models", "Models\LibraryApp.Models.csproj", "{B621773F-E7D1-4417-B78F-447D7691B13D}"
EndProject
Project("{FAE04EC0-301F-11D3-BF4B-00C04F79EFBC}") = "LibraryApp.Presentation", "Presentation\LibraryApp.Presentation.csproj", "{A94A1D6A-CAFB-4C5B-86A0-7D9892DA14E7}"
EndProject
Project("{FAE04EC0-301F-11D3-BF4B-00C04F79EFBC}") = "LibraryApp.Business", "Business\LibraryApp.Business.csproj", "{2D4DEDA2-75B0-4CE8-B519-6BB61EBE9F4C}"
EndProject
Project("{FAE04EC0-301F-11D3-BF4B-00C04F79EFBC}") = "LibraryApp.Data", "Data\LibraryApp.Data.csproj", "{D8C1E216-FEAF-4453-B0C1-6108838D7998}"
EndProject
Global
	GlobalSection(SolutionConfigurationPlatforms) = preSolution
		Debug|Any CPU = Debug|Any CPU
		Release|Any CPU = Release|Any CPU
	EndGlobalSection
	GlobalSection(ProjectConfigurationPlatforms) = postSolution
		{394EB9A0-4351-40C2-B646-1CC6B6CCB5F7}.Debug|Any CPU.ActiveCfg = Debug|Any CPU
		{394EB9A0-4351-40C2-B646-1CC6B6CCB5F7}.Debug|Any CPU.Build.0 = Debug|Any CPU
		{394EB9A0-4351-40C2-B646-1CC6B6CCB5F7}.Release|Any CPU.ActiveCfg = Release|Any CPU
		{394EB9A0-4351-40C2-B646-1CC6B6CCB5F7}.Release|Any CPU.Build.0 = Release|Any CPU
		{B621773F-E7D1-4417-B78F-447D7691B13D}.Debug|Any CPU.ActiveCfg = Debug|Any CPU
		{B621773F-E7D1-4417-B78F-447D7691B13D}.Debug|Any CPU.Build.0 = Debug|Any CPU
		{B621773F-E7D1-4417-B78F-447D7691B13D}.Release|Any CPU.ActiveCfg = Release|Any CPU
		{B621773F-E7D1-4417-B78F-447D7691B13D}.Release|Any CPU.Build.0 = Release|Any CPU
		{A94A1D6A-CAFB-4C5B-86A0-7D9892DA14E7}.Debug|Any CPU.ActiveCfg = Debug|Any CPU
		{A94A1D6A-CAFB-4C5B-86A0-7D9892DA14E7}.Debug|Any CPU.Build.0 = Debug|Any CPU
		{A94A1D6A-CAFB-4C5B-86A0-7D9892DA14E7}.Release|Any CPU.ActiveCfg = Release|Any CPU
		{A94A1D6A-CAFB-4C5B-86A0-7D9892DA14E7}.Release|Any CPU.Build.0 = Release|Any CPU
		{2D4DEDA2-75B0-4CE8-B519-6BB61EBE9F4C}.Debug|Any CPU.ActiveCfg = Debug|Any CPU
		{2D4DEDA2-75B0-4CE8-B519-6BB61EBE9F4C}.Debug|Any CPU.Build.0 = Debug|Any CPU
		{2D4DEDA2-75B0-4CE8-B519-6BB61EBE9F4C}.Release|Any CPU.ActiveCfg = Release|Any CPU
		{2D4DEDA2-75B0-4CE8-B519-6BB61EBE9F4C}.Release|Any CPU.Build.0 = Release|Any CPU
		{D8C1E216-FEAF-4453-B0C1-6108838D7998}.Debug|Any CPU.ActiveCfg = Debug|Any CPU
		{D8C1E216-FEAF-4453-B0C1-6108838D7998}.Debug|Any CPU.Build.0 = Debug|Any CPU
		{D8C1E216-FEAF-4453-B0C1-6108838D7998}.Release|Any CPU.ActiveCfg = Release|Any CPU
		{D8C1E216-FEAF-4453-B0C1-6108838D7998}.Release|Any CPU.Build.0 = Release|Any CPU
	EndGlobalSection
	GlobalSection(SolutionProperties) = preSolution
		HideSolutionNode = FALSE
	EndGlobalSection
	GlobalSection(ExtensibilityGlobals) = postSolution
		SolutionGuid = {00411750-59F0-45FC-B0FE-4C742862D925}
	EndGlobalSection
EndGlobal
